<?xml version="1.0" encoding="utf-8"?>
<Project ToolsVersion="4.0" xmlns="http://schemas.microsoft.com/developer/msbuild/2003">
  <ItemGroup>
    <Filter Include="Default">
      <UniqueIdentifier>{409d9771-2e96-40af-92ed-a0b7f2838d27}</UniqueIdentifier>
    </Filter>
    <Filter Include="Default\Main">
      <UniqueIdentifier>{2aba8612-2b14-4a9a-b778-5e835bff2036}</UniqueIdentifier>
    </Filter>
    <Filter Include="Default\Else">
      <UniqueIdentifier>{b234c301-f063-4f9d-91dc-85c680305eff}</UniqueIdentifier>
    </Filter>
    <Filter Include="99.Headers">
      <UniqueIdentifier>{793e1ddc-23b9-4d0c-9862-2086590053e3}</UniqueIdentifier>
    </Filter>
    <Filter Include="00.View">
      <UniqueIdentifier>{28bfb29b-9f5e-4e2e-bc67-551bf33fc69d}</UniqueIdentifier>
    </Filter>
    <Filter Include="00.View\MainView">
      <UniqueIdentifier>{bbd1ad5d-3da5-4809-b12b-a66774e9fe88}</UniqueIdentifier>
    </Filter>
    <Filter Include="01.MainFrm">
      <UniqueIdentifier>{7114c2b3-0f65-4ee5-a7f3-3f31acb734cc}</UniqueIdentifier>
    </Filter>
    <Filter Include="00.View\FormView">
      <UniqueIdentifier>{75eac32c-410d-4676-9271-28f784879910}</UniqueIdentifier>
    </Filter>
    <Filter Include="00.View\FormView\Sheet">
      <UniqueIdentifier>{3ededef2-15ef-4c82-8ead-16b4c618746d}</UniqueIdentifier>
    </Filter>
    <Filter Include="00.View\FormView\Sheet\Page_Effect">
      <UniqueIdentifier>{82b7a104-519b-41c9-82bd-e4254cdd9489}</UniqueIdentifier>
    </Filter>
    <Filter Include="00.View\FormView\Sheet\Page_MeshEffect">
      <UniqueIdentifier>{45b7c880-67e3-47ed-bec3-a2507ef1ebb7}</UniqueIdentifier>
    </Filter>
    <Filter Include="00.View\FormView\Sheet\Page_ParticleEffect">
      <UniqueIdentifier>{e2457399-e497-43b9-8211-53fdeba2c49d}</UniqueIdentifier>
    </Filter>
    <Filter Include="02.GameObject">
      <UniqueIdentifier>{e855c8a0-0dab-4808-b4b7-1aa0eae05103}</UniqueIdentifier>
    </Filter>
    <Filter Include="02.GameObject\00. BaseTexture">
      <UniqueIdentifier>{bf858bcf-610f-436b-a2e9-d1d58ad39709}</UniqueIdentifier>
    </Filter>
    <Filter Include="02.GameObject\01. Effect">
      <UniqueIdentifier>{04674934-c034-46ff-b3ed-7f72777f43d3}</UniqueIdentifier>
    </Filter>
    <Filter Include="02.GameObject\99.Camera">
      <UniqueIdentifier>{8d1b32f1-fdb4-43a1-ad8b-0b0b3d0b6503}</UniqueIdentifier>
    </Filter>
    <Filter Include="98.ShaderFiles">
      <UniqueIdentifier>{5812f244-1040-406e-ac84-0f5dcf51be7a}</UniqueIdentifier>
    </Filter>
    <Filter Include="02.GameObject\01. Effect\ToolEffect">
      <UniqueIdentifier>{bfbc5bc1-dc3b-43ae-bc17-31edfe3e21c0}</UniqueIdentifier>
    </Filter>
    <Filter Include="02.GameObject\01. Effect\Effect_Mesh">
      <UniqueIdentifier>{f515d9e5-542c-41b2-8091-57b0bea23807}</UniqueIdentifier>
    </Filter>
    <Filter Include="02.GameObject\01. Effect\Effect_RectParticle">
      <UniqueIdentifier>{13c3a1af-ef9a-4817-95b8-7e8735eaf505}</UniqueIdentifier>
    </Filter>
    <Filter Include="02.GameObject\01. Effect\ToolEffect\00. AnimEffect">
      <UniqueIdentifier>{59b9c0d0-3b75-45ce-af1c-49a3f9941e88}</UniqueIdentifier>
    </Filter>
    <Filter Include="02.GameObject\01. Effect\ToolEffect\00. AnimEffect\ToolEffectTest">
      <UniqueIdentifier>{1b369bd1-ea18-4ac7-8829-02d75a036f97}</UniqueIdentifier>
    </Filter>
    <Filter Include="02.GameObject\01. Effect\ToolEffect\00. AnimEffect\Effect_Blood">
      <UniqueIdentifier>{993aa6d1-9f35-43f0-ae48-fe32b981b9c8}</UniqueIdentifier>
    </Filter>
    <Filter Include="02.GameObject\01. Effect\ToolEffect\00. AnimEffect\Effect_Explosion">
      <UniqueIdentifier>{5ae65560-ef37-4c71-a9af-f34bcfb7e69e}</UniqueIdentifier>
    </Filter>
    <Filter Include="02.GameObject\01. Effect\ToolEffect\01. TextureEffect">
      <UniqueIdentifier>{5359b56d-9aab-49d4-81a4-532c29a0b5d6}</UniqueIdentifier>
    </Filter>
    <Filter Include="02.GameObject\01. Effect\ToolEffect\01. TextureEffect\Effect_Cloud">
      <UniqueIdentifier>{318371e7-18c2-446e-9d68-264c7fba0d8f}</UniqueIdentifier>
    </Filter>
    <Filter Include="02.GameObject\01. Effect\ToolEffect\99. ParentEffect">
      <UniqueIdentifier>{e3b13fd4-44ae-42f4-b825-fbf6222ea4d7}</UniqueIdentifier>
    </Filter>
    <Filter Include="02.GameObject\01. Effect\ToolEffect\01. TextureEffect\Effect_Blood">
      <UniqueIdentifier>{0a3dfcff-57df-412f-a35c-df0973f007e6}</UniqueIdentifier>
    </Filter>
    <Filter Include="02.GameObject\01. Effect\ToolEffect\01. TextureEffect\Effect_BloodMist">
      <UniqueIdentifier>{b7d6d22b-9884-43bc-9a8f-836f4c2a0e24}</UniqueIdentifier>
    </Filter>
  </ItemGroup>
  <ItemGroup>
    <ClInclude Include="EffectTool.h">
      <Filter>Default\Main</Filter>
    </ClInclude>
    <ClInclude Include="EffectToolDoc.h">
      <Filter>Default\Else</Filter>
    </ClInclude>
    <ClInclude Include="Resource.h">
      <Filter>Default\Else</Filter>
    </ClInclude>
    <ClInclude Include="stdafx.h">
      <Filter>Default\Else</Filter>
    </ClInclude>
    <ClInclude Include="targetver.h">
      <Filter>Default\Else</Filter>
    </ClInclude>
    <ClInclude Include="EffectToolView.h">
      <Filter>00.View\MainView</Filter>
    </ClInclude>
    <ClInclude Include="Defines.h">
      <Filter>99.Headers</Filter>
    </ClInclude>
    <ClInclude Include="MainFrm.h">
      <Filter>01.MainFrm</Filter>
    </ClInclude>
    <ClInclude Include="EffectForm.h">
      <Filter>00.View\FormView</Filter>
    </ClInclude>
    <ClInclude Include="EffectSheet.h">
      <Filter>00.View\FormView\Sheet</Filter>
    </ClInclude>
    <ClInclude Include="Page_Effect.h">
      <Filter>00.View\FormView\Sheet\Page_Effect</Filter>
    </ClInclude>
    <ClInclude Include="Page_MeshEffect.h">
      <Filter>00.View\FormView\Sheet\Page_MeshEffect</Filter>
    </ClInclude>
    <ClInclude Include="Page_ParticleEffect.h">
      <Filter>00.View\FormView\Sheet\Page_ParticleEffect</Filter>
    </ClInclude>
    <ClInclude Include="ToolCamera_Effect.h">
      <Filter>02.GameObject\99.Camera</Filter>
    </ClInclude>
    <ClInclude Include="ToolBase.h">
      <Filter>02.GameObject\00. BaseTexture</Filter>
    </ClInclude>
    <ClInclude Include="Effect_Mesh.h">
      <Filter>02.GameObject\01. Effect\Effect_Mesh</Filter>
    </ClInclude>
    <ClInclude Include="Effect_RectParticle.h">
      <Filter>02.GameObject\01. Effect\Effect_RectParticle</Filter>
    </ClInclude>
    <ClInclude Include="ParentEffect.h">
      <Filter>02.GameObject\01. Effect\ToolEffect\99. ParentEffect</Filter>
    </ClInclude>
    <ClInclude Include="ToolEffect.h">
      <Filter>02.GameObject\01. Effect\ToolEffect\00. AnimEffect\ToolEffectTest</Filter>
    </ClInclude>
    <ClInclude Include="Effect_BloodT.h">
      <Filter>02.GameObject\01. Effect\ToolEffect\00. AnimEffect\Effect_Blood</Filter>
    </ClInclude>
    <ClInclude Include="Effect_ExplosionT.h">
      <Filter>02.GameObject\01. Effect\ToolEffect\00. AnimEffect\Effect_Explosion</Filter>
    </ClInclude>
    <ClInclude Include="Effect_CloudT.h">
      <Filter>02.GameObject\01. Effect\ToolEffect\01. TextureEffect\Effect_Cloud</Filter>
    </ClInclude>
    <ClInclude Include="EffectT.h">
      <Filter>02.GameObject\01. Effect\ToolEffect</Filter>
    </ClInclude>
    <ClInclude Include="Effect_TexBloodT.h">
      <Filter>02.GameObject\01. Effect\ToolEffect\01. TextureEffect\Effect_Blood</Filter>
    </ClInclude>
    <ClInclude Include="Effect_BloodMistT.h">
      <Filter>02.GameObject\01. Effect\ToolEffect\01. TextureEffect\Effect_BloodMist</Filter>
    </ClInclude>
  </ItemGroup>
  <ItemGroup>
    <ClCompile Include="EffectTool.cpp">
      <Filter>Default\Main</Filter>
    </ClCompile>
    <ClCompile Include="EffectToolDoc.cpp">
      <Filter>Default\Else</Filter>
    </ClCompile>
    <ClCompile Include="stdafx.cpp">
      <Filter>Default\Else</Filter>
    </ClCompile>
    <ClCompile Include="EffectToolView.cpp">
      <Filter>00.View\MainView</Filter>
    </ClCompile>
    <ClCompile Include="MainFrm.cpp">
      <Filter>01.MainFrm</Filter>
    </ClCompile>
    <ClCompile Include="EffectForm.cpp">
      <Filter>00.View\FormView</Filter>
    </ClCompile>
    <ClCompile Include="EffectSheet.cpp">
      <Filter>00.View\FormView\Sheet</Filter>
    </ClCompile>
    <ClCompile Include="Page_Effect.cpp">
      <Filter>00.View\FormView\Sheet\Page_Effect</Filter>
    </ClCompile>
    <ClCompile Include="Page_MeshEffect.cpp">
      <Filter>00.View\FormView\Sheet\Page_MeshEffect</Filter>
    </ClCompile>
    <ClCompile Include="Page_ParticleEffect.cpp">
      <Filter>00.View\FormView\Sheet\Page_ParticleEffect</Filter>
    </ClCompile>
    <ClCompile Include="ToolCamera_Effect.cpp">
      <Filter>02.GameObject\99.Camera</Filter>
    </ClCompile>
    <ClCompile Include="ToolBase.cpp">
      <Filter>02.GameObject\00. BaseTexture</Filter>
    </ClCompile>
    <ClCompile Include="Effect_Mesh.cpp">
      <Filter>02.GameObject\01. Effect\Effect_Mesh</Filter>
    </ClCompile>
    <ClCompile Include="Effect_RectParticle.cpp">
      <Filter>02.GameObject\01. Effect\Effect_RectParticle</Filter>
    </ClCompile>
    <ClCompile Include="ParentEffect.cpp">
      <Filter>02.GameObject\01. Effect\ToolEffect\99. ParentEffect</Filter>
    </ClCompile>
    <ClCompile Include="ToolEffect.cpp">
      <Filter>02.GameObject\01. Effect\ToolEffect\00. AnimEffect\ToolEffectTest</Filter>
    </ClCompile>
    <ClCompile Include="Effect_BloodT.cpp">
      <Filter>02.GameObject\01. Effect\ToolEffect\00. AnimEffect\Effect_Blood</Filter>
    </ClCompile>
    <ClCompile Include="Effect_ExplosionT.cpp">
      <Filter>02.GameObject\01. Effect\ToolEffect\00. AnimEffect\Effect_Explosion</Filter>
    </ClCompile>
    <ClCompile Include="Effect_CloudT.cpp">
      <Filter>02.GameObject\01. Effect\ToolEffect\01. TextureEffect\Effect_Cloud</Filter>
    </ClCompile>
    <ClCompile Include="EffectT.cpp">
      <Filter>02.GameObject\01. Effect\ToolEffect</Filter>
    </ClCompile>
    <ClCompile Include="Effect_TexBloodT.cpp">
      <Filter>02.GameObject\01. Effect\ToolEffect\01. TextureEffect\Effect_Blood</Filter>
    </ClCompile>
    <ClCompile Include="Effect_BloodMistT.cpp">
      <Filter>02.GameObject\01. Effect\ToolEffect\01. TextureEffect\Effect_BloodMist</Filter>
    </ClCompile>
  </ItemGroup>
  <ItemGroup>
    <Image Include="res\EffectTool.ico">
      <Filter>Default\Else</Filter>
    </Image>
    <Image Include="res\EffectToolDoc.ico">
      <Filter>Default\Else</Filter>
    </Image>
    <Image Include="res\Toolbar.bmp">
      <Filter>Default\Else</Filter>
    </Image>
  </ItemGroup>
  <ItemGroup>
    <ResourceCompile Include="EffectTool.rc">
      <Filter>Default\Else</Filter>
    </ResourceCompile>
  </ItemGroup>
  <ItemGroup>
    <None Include="res\EffectTool.rc2">
      <Filter>Default\Else</Filter>
    </None>
  </ItemGroup>
  <ItemGroup>
    <Text Include="ReadMe.txt">
      <Filter>Default\Else</Filter>
    </Text>
  </ItemGroup>
  <ItemGroup>
    <FxCompile Include="Bin\ShaderFiles\Shader_Effect.fx">
      <Filter>98.ShaderFiles</Filter>
    </FxCompile>
    <FxCompile Include="Bin\ShaderFiles\Shader_Mesh.fx">
      <Filter>98.ShaderFiles</Filter>
    </FxCompile>
    <FxCompile Include="Bin\ShaderFiles\Shader_Prop.fx">
      <Filter>98.ShaderFiles</Filter>
    </FxCompile>
    <FxCompile Include="Bin\ShaderFiles\Shader_Collider.fx">
      <Filter>98.ShaderFiles</Filter>
    </FxCompile>
  </ItemGroup>
</Project>