<?xml version="1.0" encoding="utf-8"?>
<Project ToolsVersion="4.0" xmlns="http://schemas.microsoft.com/developer/msbuild/2003">
  <ItemGroup>
    <Filter Include="98.Default">
      <UniqueIdentifier>{6aa93ee4-9a04-4f76-a345-c795a61dd8ab}</UniqueIdentifier>
    </Filter>
    <Filter Include="99.Headers">
      <UniqueIdentifier>{66e6fc9d-0972-4d63-8889-673f46b152e9}</UniqueIdentifier>
    </Filter>
    <Filter Include="00.MainApp">
      <UniqueIdentifier>{fe9fd289-2ff1-49e2-9e6e-4197b078983a}</UniqueIdentifier>
    </Filter>
    <Filter Include="01.Scene">
      <UniqueIdentifier>{42e941d6-d694-4224-94fc-22ff9c32abc2}</UniqueIdentifier>
    </Filter>
    <Filter Include="02.GameObject">
      <UniqueIdentifier>{68d69059-9dee-4ee9-a8c3-5e35185bcbef}</UniqueIdentifier>
    </Filter>
    <Filter Include="02.GameObject\02.For.Stage">
      <UniqueIdentifier>{e2e8820b-d017-40d3-a566-ccddad732f31}</UniqueIdentifier>
    </Filter>
    <Filter Include="02.GameObject\01.For.Logo">
      <UniqueIdentifier>{eae6744a-9f26-45f2-b676-70effb2cfc77}</UniqueIdentifier>
    </Filter>
    <Filter Include="02.GameObject\00.For.Static">
      <UniqueIdentifier>{4309ebda-8ba5-47de-a617-866835dcdcfe}</UniqueIdentifier>
    </Filter>
    <Filter Include="02.GameObject\01.For.Logo\00.BackGround">
      <UniqueIdentifier>{0a97bcd0-ab9d-4d03-8dec-d73c1d937471}</UniqueIdentifier>
    </Filter>
    <Filter Include="97.ShaderFiles">
      <UniqueIdentifier>{ba19640f-2b3a-4eea-b6c9-5a5fef13b932}</UniqueIdentifier>
    </Filter>
    <Filter Include="02.GameObject\02.For.Stage\00.Terrain">
      <UniqueIdentifier>{d4ebe4c4-c72e-48de-a417-8e28ece1f001}</UniqueIdentifier>
    </Filter>
    <Filter Include="02.GameObject\03.For.Public">
      <UniqueIdentifier>{a1e9785f-7f4f-49ff-a7ca-457b969851c8}</UniqueIdentifier>
    </Filter>
    <Filter Include="02.GameObject\03.For.Public\Camera">
      <UniqueIdentifier>{7094f89e-e332-40a8-94ee-eeedc0ae2a77}</UniqueIdentifier>
    </Filter>
    <Filter Include="02.GameObject\03.For.Public\Camera\Debug">
      <UniqueIdentifier>{097cb22c-c6a5-445d-b124-343348be770c}</UniqueIdentifier>
    </Filter>
    <Filter Include="02.GameObject\03.For.Public\Camera\Target">
      <UniqueIdentifier>{6c27fcf6-360b-4f41-91d7-61d63b7e3a6e}</UniqueIdentifier>
    </Filter>
    <Filter Include="02.GameObject\00.For.Static\00.Test">
      <UniqueIdentifier>{3a8ba453-9c6c-43c3-9bd0-7ee6af327e21}</UniqueIdentifier>
    </Filter>
    <Filter Include="02.GameObject\02.For.Stage\01.Player">
      <UniqueIdentifier>{ef9ed4d7-7af1-43cf-aae1-5c7e7d697d6d}</UniqueIdentifier>
    </Filter>
    <Filter Include="02.GameObject\00.For.Static\01.Static_Object">
      <UniqueIdentifier>{695cdc37-7343-4240-9f45-118625ac1bfb}</UniqueIdentifier>
    </Filter>
    <Filter Include="02.GameObject\03.For.Public\Camera\Cinematic">
      <UniqueIdentifier>{89b6ec5e-599f-4fa7-a5a9-aae7ad4f1b37}</UniqueIdentifier>
    </Filter>
    <Filter Include="02.GameObject\00.For.Static\02.Event_Cube">
      <UniqueIdentifier>{de30eaa8-aaea-4d67-97d3-474189e70e82}</UniqueIdentifier>
    </Filter>
    <Filter Include="01.Scene\99.Loading">
      <UniqueIdentifier>{e6adbf55-65f3-4412-81fe-d3cc9fd29457}</UniqueIdentifier>
    </Filter>
    <Filter Include="01.Scene\00.Scene_Intro">
      <UniqueIdentifier>{6a6ee42b-37bb-4161-b71f-fbe41fafd9e5}</UniqueIdentifier>
    </Filter>
    <Filter Include="01.Scene\01.Scene_Logo">
      <UniqueIdentifier>{a2d9847b-8bf7-463e-9373-e9246864ea2d}</UniqueIdentifier>
    </Filter>
    <Filter Include="01.Scene\02.Scene_Stage">
      <UniqueIdentifier>{8980710a-8fb1-4e81-957b-e72d910f2557}</UniqueIdentifier>
    </Filter>
    <Filter Include="02.GameObject\02.For.Stage\03.Effect">
      <UniqueIdentifier>{95eaa733-37fe-47b9-97b5-7d1a528837ee}</UniqueIdentifier>
    </Filter>
    <Filter Include="02.GameObject\02.For.Stage\04.Dog">
      <UniqueIdentifier>{86f842d2-fbab-4209-9e7c-005ee523d4ae}</UniqueIdentifier>
    </Filter>
    <Filter Include="02.GameObject\02.For.Stage\02.Weapon">
      <UniqueIdentifier>{23f5fd35-54a5-4348-834d-3f3c62d0f4dc}</UniqueIdentifier>
    </Filter>
    <Filter Include="02.GameObject\02.For.Stage\02.Weapon\01.Brawler_Weapon">
      <UniqueIdentifier>{31b68f46-6842-48a3-8f2a-662e4e93cdb3}</UniqueIdentifier>
    </Filter>
    <Filter Include="02.GameObject\02.For.Stage\02.Weapon\00.DP_Weapon">
      <UniqueIdentifier>{abca4089-2475-4422-8c33-3fc14dfbbd4a}</UniqueIdentifier>
    </Filter>
    <Filter Include="02.GameObject\02.For.Stage\02.Weapon\01.Brawler_Weapon\Brawler_Knife">
      <UniqueIdentifier>{1a5ebc2d-d327-4b62-848e-aa30e4b6172d}</UniqueIdentifier>
    </Filter>
    <Filter Include="02.GameObject\02.For.Stage\02.Weapon\01.Brawler_Weapon\Brawler_ElectricBaton">
      <UniqueIdentifier>{d968a566-9c2c-41b1-ad1c-c2d0d14fb292}</UniqueIdentifier>
    </Filter>
    <Filter Include="02.GameObject\02.For.Stage\02.Weapon\00.DP_Weapon\DP_Sword">
      <UniqueIdentifier>{c8151ed4-8fae-4fc7-9b1c-e707a83c4e69}</UniqueIdentifier>
    </Filter>
    <Filter Include="02.GameObject\02.For.Stage\02.Weapon\00.DP_Weapon\DP_Gun">
      <UniqueIdentifier>{7946c561-e566-43cd-8442-44fbb2e3071d}</UniqueIdentifier>
    </Filter>
    <Filter Include="02.GameObject\02.For.Stage\99.SkyDom">
      <UniqueIdentifier>{a996f9b7-28d4-4401-940e-33fdb2a8d2b6}</UniqueIdentifier>
    </Filter>
    <Filter Include="02.GameObject\02.For.Stage\00.Terrain\APT_Terrain">
      <UniqueIdentifier>{1e283530-8558-487c-bf27-add42d26e944}</UniqueIdentifier>
    </Filter>
    <Filter Include="02.GameObject\02.For.Stage\05.Brawler">
      <UniqueIdentifier>{efaf370b-72cc-453a-9f01-5af9ea5062b4}</UniqueIdentifier>
    </Filter>
    <Filter Include="02.GameObject\02.For.Stage\05.Brawler\00.Brawler_00">
      <UniqueIdentifier>{226cbcc8-3d49-4357-b849-d4ef667b4853}</UniqueIdentifier>
    </Filter>
    <Filter Include="02.GameObject\02.For.Stage\05.Brawler\01.Brawler_01">
      <UniqueIdentifier>{4dedbf57-754d-4e07-bf89-2400e4d1bd7d}</UniqueIdentifier>
    </Filter>
    <Filter Include="02.GameObject\02.For.Stage\05.Brawler\02.Brawler_02">
      <UniqueIdentifier>{b35053ae-f216-474c-9baa-ecc371ad79c3}</UniqueIdentifier>
    </Filter>
    <Filter Include="01.Scene\02.Scene_Stage\00.Scene_APT">
      <UniqueIdentifier>{2eb7b2d3-58c9-4475-a53f-2e89075f7d6d}</UniqueIdentifier>
    </Filter>
    <Filter Include="01.Scene\02.Scene_Stage\01.Scene_Field">
      <UniqueIdentifier>{c1ec52a9-c4ef-43b3-8316-34851aed0eda}</UniqueIdentifier>
    </Filter>
    <Filter Include="02.GameObject\01.For.Logo\01.UI">
      <UniqueIdentifier>{130d126b-2840-4bc0-a8b7-7b562981d705}</UniqueIdentifier>
    </Filter>
    <Filter Include="02.GameObject\01.For.Logo\01.UI\Button">
      <UniqueIdentifier>{b83d13c2-d94f-4471-b69c-e321aad88b5d}</UniqueIdentifier>
    </Filter>
    <Filter Include="02.GameObject\01.For.Logo\01.UI\Button\GameStart">
      <UniqueIdentifier>{91adf23e-6eb0-432f-ac0d-2ebe0bc99308}</UniqueIdentifier>
    </Filter>
    <Filter Include="02.GameObject\01.For.Logo\01.UI\Test">
      <UniqueIdentifier>{f1ccfb04-b190-412f-9e68-d9cbfc1f06b8}</UniqueIdentifier>
    </Filter>
    <Filter Include="01.Scene\98.Scene_Loading">
      <UniqueIdentifier>{294a83a7-7136-4735-b3a9-47b9e63b8af3}</UniqueIdentifier>
    </Filter>
    <Filter Include="02.GameObject\99.For.Loading">
      <UniqueIdentifier>{64142fea-ecb0-40a9-ba06-4a03acec19d8}</UniqueIdentifier>
    </Filter>
    <Filter Include="02.GameObject\99.For.Loading\Back_Loading">
      <UniqueIdentifier>{7605e346-7ee2-46a0-805a-b6df5b480f13}</UniqueIdentifier>
    </Filter>
    <Filter Include="02.GameObject\02.For.Stage\98.UI">
      <UniqueIdentifier>{c4c8d0f6-624d-4abe-8876-81f08c1419df}</UniqueIdentifier>
    </Filter>
    <Filter Include="02.GameObject\02.For.Stage\98.UI\CrossHair">
      <UniqueIdentifier>{60a14e03-a254-4623-804e-74abb1b5bb48}</UniqueIdentifier>
    </Filter>
    <Filter Include="02.GameObject\02.For.Stage\98.UI\HPBar">
      <UniqueIdentifier>{d5e22f3e-5e70-4cfc-9425-b1f181e31488}</UniqueIdentifier>
    </Filter>
    <Filter Include="01.Scene\02.Scene_Stage\02.Scene_AirPlane">
      <UniqueIdentifier>{7fdb7cc5-01ec-4817-9927-5d70711f32c9}</UniqueIdentifier>
    </Filter>
    <Filter Include="02.GameObject\02.For.Stage\01.Player\02.Airlane">
      <UniqueIdentifier>{03fa352f-077b-4cfb-98d2-c830e64d72d9}</UniqueIdentifier>
    </Filter>
    <Filter Include="02.GameObject\02.For.Stage\01.Player\02.Airlane\Airplane">
      <UniqueIdentifier>{1d1cb279-7d62-43e2-9317-a9779e042e76}</UniqueIdentifier>
    </Filter>
    <Filter Include="02.GameObject\02.For.Stage\01.Player\02.Airlane\Airplane\Prop">
      <UniqueIdentifier>{b1f00a92-d463-4b8f-a8b9-e9ba6b98d652}</UniqueIdentifier>
    </Filter>
    <Filter Include="02.GameObject\02.For.Stage\01.Player\02.Airlane\Minigun">
      <UniqueIdentifier>{3921d24b-c687-475e-9d5a-7547d1841ff8}</UniqueIdentifier>
    </Filter>
    <Filter Include="02.GameObject\02.For.Stage\01.Player\00.Animator">
      <UniqueIdentifier>{7158ddbb-568d-48f0-bccd-21097a1b4f4a}</UniqueIdentifier>
    </Filter>
    <Filter Include="02.GameObject\02.For.Stage\01.Player\01.Player">
      <UniqueIdentifier>{08135124-b773-47ab-b85f-c769688d9b1f}</UniqueIdentifier>
    </Filter>
    <Filter Include="02.GameObject\00.For.Static\01.Static_Object\Static_Airplane">
      <UniqueIdentifier>{18c07c7b-5dc0-4386-9046-f7476fd310b3}</UniqueIdentifier>
    </Filter>
    <Filter Include="02.GameObject\03.For.Public\Camera\Minigun">
      <UniqueIdentifier>{0aaa213f-a279-41e8-85ba-3f3062829a14}</UniqueIdentifier>
    </Filter>
    <Filter Include="02.GameObject\02.For.Stage\03.Effect\01.Effect_Mesh">
      <UniqueIdentifier>{1bdee184-6a92-4b19-a1a8-712ecbc0ce06}</UniqueIdentifier>
    </Filter>
    <Filter Include="02.GameObject\02.For.Stage\03.Effect\00.Effect_Texture">
      <UniqueIdentifier>{070009b5-7b03-4210-ba0b-ebc5720b26b8}</UniqueIdentifier>
    </Filter>
  </ItemGroup>
  <ItemGroup>
    <Text Include="ReadMe.txt" />
  </ItemGroup>
  <ItemGroup>
    <ClInclude Include="Client.h">
      <Filter>98.Default</Filter>
    </ClInclude>
    <ClInclude Include="Resource.h">
      <Filter>98.Default</Filter>
    </ClInclude>
    <ClInclude Include="stdafx.h">
      <Filter>98.Default</Filter>
    </ClInclude>
    <ClInclude Include="targetver.h">
      <Filter>98.Default</Filter>
    </ClInclude>
    <ClInclude Include="..\Headers\Defines.h">
      <Filter>99.Headers</Filter>
    </ClInclude>
    <ClInclude Include="..\Headers\Constant.h">
      <Filter>99.Headers</Filter>
    </ClInclude>
    <ClInclude Include="..\Headers\MainApp.h">
      <Filter>00.MainApp</Filter>
    </ClInclude>
    <ClInclude Include="..\Headers\Scene_Logo.h">
      <Filter>01.Scene\01.Scene_Logo</Filter>
    </ClInclude>
    <ClInclude Include="..\Headers\Back_Logo.h">
      <Filter>02.GameObject\01.For.Logo\00.BackGround</Filter>
    </ClInclude>
    <ClInclude Include="..\Headers\Camera_Debug.h">
      <Filter>02.GameObject\03.For.Public\Camera\Debug</Filter>
    </ClInclude>
    <ClInclude Include="..\Headers\Test.h">
      <Filter>02.GameObject\00.For.Static\00.Test</Filter>
    </ClInclude>
    <ClInclude Include="..\Headers\Camera_Target.h">
      <Filter>02.GameObject\03.For.Public\Camera\Target</Filter>
    </ClInclude>
    <ClInclude Include="..\Headers\Camera_Cinematic.h">
      <Filter>02.GameObject\03.For.Public\Camera\Cinematic</Filter>
    </ClInclude>
    <ClInclude Include="..\Headers\Loading.h">
      <Filter>01.Scene\99.Loading</Filter>
    </ClInclude>
    <ClInclude Include="..\Headers\Scene_Intro.h">
      <Filter>01.Scene\00.Scene_Intro</Filter>
    </ClInclude>
    <ClInclude Include="..\Headers\Event_Cube.h">
      <Filter>02.GameObject\00.For.Static\02.Event_Cube</Filter>
    </ClInclude>
    <ClInclude Include="..\Headers\Scene_Stage.h">
      <Filter>01.Scene\02.Scene_Stage\00.Scene_APT</Filter>
    </ClInclude>
    <ClInclude Include="..\Headers\Dog.h">
      <Filter>02.GameObject\02.For.Stage\04.Dog</Filter>
    </ClInclude>
    <ClInclude Include="..\Headers\Scene_Field.h">
      <Filter>01.Scene\02.Scene_Stage\01.Scene_Field</Filter>
    </ClInclude>
    <ClInclude Include="..\Headers\Static_Object.h">
      <Filter>02.GameObject\00.For.Static\01.Static_Object</Filter>
    </ClInclude>
    <ClInclude Include="..\Headers\Brawler.h">
      <Filter>02.GameObject\02.For.Stage\05.Brawler</Filter>
    </ClInclude>
    <ClInclude Include="..\Headers\Brawler01.h">
      <Filter>02.GameObject\02.For.Stage\05.Brawler\01.Brawler_01</Filter>
    </ClInclude>
    <ClInclude Include="..\Headers\Brawler_TPose.h">
      <Filter>02.GameObject\02.For.Stage\05.Brawler\00.Brawler_00</Filter>
    </ClInclude>
    <ClInclude Include="..\Headers\Brawler_ElectricBaton.h">
      <Filter>02.GameObject\02.For.Stage\02.Weapon\01.Brawler_Weapon\Brawler_ElectricBaton</Filter>
    </ClInclude>
    <ClInclude Include="..\Headers\Brawler_Knife.h">
      <Filter>02.GameObject\02.For.Stage\02.Weapon\01.Brawler_Weapon\Brawler_Knife</Filter>
    </ClInclude>
    <ClInclude Include="..\Headers\DP_Sword.h">
      <Filter>02.GameObject\02.For.Stage\02.Weapon\00.DP_Weapon\DP_Sword</Filter>
    </ClInclude>
    <ClInclude Include="..\Headers\Brawler02.h">
      <Filter>02.GameObject\02.For.Stage\05.Brawler\02.Brawler_02</Filter>
    </ClInclude>
    <ClInclude Include="..\Headers\DP_Gun.h">
      <Filter>02.GameObject\02.For.Stage\02.Weapon\00.DP_Weapon\DP_Gun</Filter>
    </ClInclude>
    <ClInclude Include="..\Headers\SkyDom.h">
      <Filter>02.GameObject\02.For.Stage\99.SkyDom</Filter>
    </ClInclude>
    <ClInclude Include="..\Headers\Terrain.h">
      <Filter>02.GameObject\02.For.Stage\00.Terrain\APT_Terrain</Filter>
    </ClInclude>
    <ClInclude Include="..\Headers\UI_Test.h">
      <Filter>02.GameObject\01.For.Logo\01.UI\Test</Filter>
    </ClInclude>
    <ClInclude Include="..\Headers\Scene_Loading.h">
      <Filter>01.Scene\98.Scene_Loading</Filter>
    </ClInclude>
    <ClInclude Include="..\Headers\Back_Loading.h">
      <Filter>02.GameObject\99.For.Loading\Back_Loading</Filter>
    </ClInclude>
    <ClInclude Include="..\Headers\UI_CrossHair.h">
      <Filter>02.GameObject\02.For.Stage\98.UI\CrossHair</Filter>
    </ClInclude>
    <ClInclude Include="..\Headers\UI_HPBar.h">
      <Filter>02.GameObject\02.For.Stage\98.UI\HPBar</Filter>
    </ClInclude>
    <ClInclude Include="..\Headers\Animator.h">
      <Filter>02.GameObject\02.For.Stage\01.Player\00.Animator</Filter>
    </ClInclude>
    <ClInclude Include="..\Headers\Scene_AirPlane.h">
      <Filter>01.Scene\02.Scene_Stage\02.Scene_AirPlane</Filter>
    </ClInclude>
    <ClInclude Include="..\Headers\Airplane.h">
      <Filter>02.GameObject\02.For.Stage\01.Player\02.Airlane\Airplane</Filter>
    </ClInclude>
    <ClInclude Include="..\Headers\Minigun.h">
      <Filter>02.GameObject\02.For.Stage\01.Player\02.Airlane\Minigun</Filter>
    </ClInclude>
    <ClInclude Include="..\Headers\Player.h">
      <Filter>02.GameObject\02.For.Stage\01.Player\01.Player</Filter>
    </ClInclude>
    <ClInclude Include="..\Headers\Static_Airplane.h">
      <Filter>02.GameObject\00.For.Static\01.Static_Object\Static_Airplane</Filter>
    </ClInclude>
    <ClInclude Include="..\Headers\Prop.h">
      <Filter>02.GameObject\02.For.Stage\01.Player\02.Airlane\Airplane\Prop</Filter>
    </ClInclude>
    <ClInclude Include="..\Headers\Camera_Minigun.h">
      <Filter>02.GameObject\03.For.Public\Camera\Minigun</Filter>
    </ClInclude>
    <ClInclude Include="..\Headers\Effect.h">
      <Filter>02.GameObject\02.For.Stage\03.Effect\00.Effect_Texture</Filter>
    </ClInclude>
    <ClInclude Include="..\Headers\Effect_Mesh.h">
      <Filter>02.GameObject\02.For.Stage\03.Effect\01.Effect_Mesh</Filter>
    </ClInclude>
  </ItemGroup>
  <ItemGroup>
    <ClCompile Include="Client.cpp">
      <Filter>98.Default</Filter>
    </ClCompile>
    <ClCompile Include="stdafx.cpp">
      <Filter>98.Default</Filter>
    </ClCompile>
    <ClCompile Include="..\Codes\MainApp.cpp">
      <Filter>00.MainApp</Filter>
    </ClCompile>
    <ClCompile Include="..\Codes\Scene_Logo.cpp">
      <Filter>01.Scene\01.Scene_Logo</Filter>
    </ClCompile>
    <ClCompile Include="..\Codes\Back_Logo.cpp">
      <Filter>02.GameObject\01.For.Logo\00.BackGround</Filter>
    </ClCompile>
    <ClCompile Include="..\Codes\Camera_Debug.cpp">
      <Filter>02.GameObject\03.For.Public\Camera\Debug</Filter>
    </ClCompile>
    <ClCompile Include="..\Codes\Test.cpp">
      <Filter>02.GameObject\00.For.Static\00.Test</Filter>
    </ClCompile>
    <ClCompile Include="..\Codes\Camera_Target.cpp">
      <Filter>02.GameObject\03.For.Public\Camera\Target</Filter>
    </ClCompile>
    <ClCompile Include="..\Codes\Camera_Cinematic.cpp">
      <Filter>02.GameObject\03.For.Public\Camera\Cinematic</Filter>
    </ClCompile>
    <ClCompile Include="..\Codes\Loading.cpp">
      <Filter>01.Scene\99.Loading</Filter>
    </ClCompile>
    <ClCompile Include="..\Codes\Scene_Intro.cpp">
      <Filter>01.Scene\00.Scene_Intro</Filter>
    </ClCompile>
    <ClCompile Include="..\Codes\Event_Cube.cpp">
      <Filter>02.GameObject\00.For.Static\02.Event_Cube</Filter>
    </ClCompile>
    <ClCompile Include="..\Codes\Scene_Stage.cpp">
      <Filter>01.Scene\02.Scene_Stage\00.Scene_APT</Filter>
    </ClCompile>
    <ClCompile Include="..\Codes\Dog.cpp">
      <Filter>02.GameObject\02.For.Stage\04.Dog</Filter>
    </ClCompile>
    <ClCompile Include="..\Codes\Animator.cpp">
      <Filter>02.GameObject\02.For.Stage\01.Player\00.Animator</Filter>
    </ClCompile>
    <ClCompile Include="..\Codes\Scene_Field.cpp">
      <Filter>01.Scene\02.Scene_Stage\01.Scene_Field</Filter>
    </ClCompile>
    <ClCompile Include="..\Codes\Static_Object.cpp">
      <Filter>02.GameObject\00.For.Static\01.Static_Object</Filter>
    </ClCompile>
    <ClCompile Include="..\Codes\Brawler.cpp">
      <Filter>02.GameObject\02.For.Stage\05.Brawler</Filter>
    </ClCompile>
    <ClCompile Include="..\Codes\Brawler01.cpp">
      <Filter>02.GameObject\02.For.Stage\05.Brawler\01.Brawler_01</Filter>
    </ClCompile>
    <ClCompile Include="..\Codes\Brawler_TPose.cpp">
      <Filter>02.GameObject\02.For.Stage\05.Brawler\00.Brawler_00</Filter>
    </ClCompile>
    <ClCompile Include="..\Codes\Brawler_ElectricBaton.cpp">
      <Filter>02.GameObject\02.For.Stage\02.Weapon\01.Brawler_Weapon\Brawler_ElectricBaton</Filter>
    </ClCompile>
    <ClCompile Include="..\Codes\Brawler_Knife.cpp">
      <Filter>02.GameObject\02.For.Stage\02.Weapon\01.Brawler_Weapon\Brawler_Knife</Filter>
    </ClCompile>
    <ClCompile Include="..\Codes\DP_Sword.cpp">
      <Filter>02.GameObject\02.For.Stage\02.Weapon\00.DP_Weapon\DP_Sword</Filter>
    </ClCompile>
    <ClCompile Include="..\Codes\Brawler02.cpp">
      <Filter>02.GameObject\02.For.Stage\05.Brawler\02.Brawler_02</Filter>
    </ClCompile>
    <ClCompile Include="..\Codes\DP_Gun.cpp">
      <Filter>02.GameObject\02.For.Stage\02.Weapon\00.DP_Weapon\DP_Gun</Filter>
    </ClCompile>
    <ClCompile Include="..\Codes\SkyDom.cpp">
      <Filter>02.GameObject\02.For.Stage\99.SkyDom</Filter>
    </ClCompile>
    <ClCompile Include="..\Codes\Terrain.cpp">
      <Filter>02.GameObject\02.For.Stage\00.Terrain\APT_Terrain</Filter>
    </ClCompile>
    <ClCompile Include="..\Codes\UI_Test.cpp">
      <Filter>02.GameObject\01.For.Logo\01.UI\Test</Filter>
    </ClCompile>
    <ClCompile Include="..\Codes\Scene_Loading.cpp">
      <Filter>01.Scene\98.Scene_Loading</Filter>
    </ClCompile>
    <ClCompile Include="..\Codes\Back_Loading.cpp">
      <Filter>02.GameObject\99.For.Loading\Back_Loading</Filter>
    </ClCompile>
    <ClCompile Include="..\Codes\UI_CrossHair.cpp">
      <Filter>02.GameObject\02.For.Stage\98.UI\CrossHair</Filter>
    </ClCompile>
    <ClCompile Include="..\Codes\UI_HPBar.cpp">
      <Filter>02.GameObject\02.For.Stage\98.UI\HPBar</Filter>
    </ClCompile>
    <ClCompile Include="..\Codes\Scene_AirPlane.cpp">
      <Filter>01.Scene\02.Scene_Stage\02.Scene_AirPlane</Filter>
    </ClCompile>
    <ClCompile Include="..\Codes\Airplane.cpp">
      <Filter>02.GameObject\02.For.Stage\01.Player\02.Airlane\Airplane</Filter>
    </ClCompile>
    <ClCompile Include="..\Codes\Minigun.cpp">
      <Filter>02.GameObject\02.For.Stage\01.Player\02.Airlane\Minigun</Filter>
    </ClCompile>
    <ClCompile Include="..\Codes\Player.cpp">
      <Filter>02.GameObject\02.For.Stage\01.Player\01.Player</Filter>
    </ClCompile>
    <ClCompile Include="..\Codes\Static_Airplane.cpp">
      <Filter>02.GameObject\00.For.Static\01.Static_Object\Static_Airplane</Filter>
    </ClCompile>
    <ClCompile Include="..\Codes\Prop.cpp">
      <Filter>02.GameObject\02.For.Stage\01.Player\02.Airlane\Airplane\Prop</Filter>
    </ClCompile>
    <ClCompile Include="..\Codes\Camera_Minigun.cpp">
      <Filter>02.GameObject\03.For.Public\Camera\Minigun</Filter>
    </ClCompile>
    <ClCompile Include="..\Codes\Effect.cpp">
      <Filter>02.GameObject\02.For.Stage\03.Effect\00.Effect_Texture</Filter>
    </ClCompile>
    <ClCompile Include="..\Codes\Effect_Mesh.cpp">
      <Filter>02.GameObject\02.For.Stage\03.Effect\01.Effect_Mesh</Filter>
    </ClCompile>
  </ItemGroup>
  <ItemGroup>
    <Image Include="Client.ico">
      <Filter>98.Default</Filter>
    </Image>
    <Image Include="small.ico">
      <Filter>98.Default</Filter>
    </Image>
  </ItemGroup>
  <ItemGroup>
    <ResourceCompile Include="Client.rc">
      <Filter>98.Default</Filter>
    </ResourceCompile>
  </ItemGroup>
  <ItemGroup>
    <FxCompile Include="..\Bin\ShaderFiles\Shader_Logo.fx">
      <Filter>97.ShaderFiles</Filter>
    </FxCompile>
    <FxCompile Include="..\Bin\ShaderFiles\Shader_Terrain.fx">
      <Filter>97.ShaderFiles</Filter>
    </FxCompile>
    <FxCompile Include="..\Bin\ShaderFiles\Shader_Mesh.fx">
      <Filter>97.ShaderFiles</Filter>
    </FxCompile>
    <FxCompile Include="..\Bin\ShaderFiles\Shader_Collider.fx">
      <Filter>97.ShaderFiles</Filter>
    </FxCompile>
    <FxCompile Include="..\Bin\ShaderFiles\Shader_Effect.fx">
      <Filter>97.ShaderFiles</Filter>
    </FxCompile>
    <FxCompile Include="..\Bin\ShaderFiles\Shader_UI.fx">
      <Filter>97.ShaderFiles</Filter>
    </FxCompile>
    <FxCompile Include="..\Bin\ShaderFiles\Shader_Prop.fx">
      <Filter>97.ShaderFiles</Filter>
    </FxCompile>
  </ItemGroup>
</Project>