<?xml version="1.0" encoding="utf-8"?>
<Project ToolsVersion="4.0" xmlns="http://schemas.microsoft.com/developer/msbuild/2003">
  <ItemGroup>
    <Filter Include="98.Default">
      <UniqueIdentifier>{6aa93ee4-9a04-4f76-a345-c795a61dd8ab}</UniqueIdentifier>
    </Filter>
    <Filter Include="99.Headers">
      <UniqueIdentifier>{66e6fc9d-0972-4d63-8889-673f46b152e9}</UniqueIdentifier>
    </Filter>
    <Filter Include="00.MainApp">
      <UniqueIdentifier>{fe9fd289-2ff1-49e2-9e6e-4197b078983a}</UniqueIdentifier>
    </Filter>
    <Filter Include="01.Scene">
      <UniqueIdentifier>{42e941d6-d694-4224-94fc-22ff9c32abc2}</UniqueIdentifier>
    </Filter>
    <Filter Include="02.GameObject">
      <UniqueIdentifier>{68d69059-9dee-4ee9-a8c3-5e35185bcbef}</UniqueIdentifier>
    </Filter>
    <Filter Include="02.GameObject\02.For.Stage">
      <UniqueIdentifier>{e2e8820b-d017-40d3-a566-ccddad732f31}</UniqueIdentifier>
    </Filter>
    <Filter Include="02.GameObject\01.For.Logo">
      <UniqueIdentifier>{eae6744a-9f26-45f2-b676-70effb2cfc77}</UniqueIdentifier>
    </Filter>
    <Filter Include="02.GameObject\00.For.Static">
      <UniqueIdentifier>{4309ebda-8ba5-47de-a617-866835dcdcfe}</UniqueIdentifier>
    </Filter>
    <Filter Include="02.GameObject\01.For.Logo\00.BackGround">
      <UniqueIdentifier>{0a97bcd0-ab9d-4d03-8dec-d73c1d937471}</UniqueIdentifier>
    </Filter>
    <Filter Include="97.ShaderFiles">
      <UniqueIdentifier>{ba19640f-2b3a-4eea-b6c9-5a5fef13b932}</UniqueIdentifier>
    </Filter>
    <Filter Include="02.GameObject\02.For.Stage\00.Terrain">
      <UniqueIdentifier>{d4ebe4c4-c72e-48de-a417-8e28ece1f001}</UniqueIdentifier>
    </Filter>
    <Filter Include="02.GameObject\03.For.Public">
      <UniqueIdentifier>{a1e9785f-7f4f-49ff-a7ca-457b969851c8}</UniqueIdentifier>
    </Filter>
    <Filter Include="02.GameObject\03.For.Public\Camera">
      <UniqueIdentifier>{7094f89e-e332-40a8-94ee-eeedc0ae2a77}</UniqueIdentifier>
    </Filter>
    <Filter Include="02.GameObject\03.For.Public\Camera\Debug">
      <UniqueIdentifier>{097cb22c-c6a5-445d-b124-343348be770c}</UniqueIdentifier>
    </Filter>
    <Filter Include="02.GameObject\03.For.Public\Camera\Target">
      <UniqueIdentifier>{6c27fcf6-360b-4f41-91d7-61d63b7e3a6e}</UniqueIdentifier>
    </Filter>
    <Filter Include="02.GameObject\00.For.Static\00.Test">
      <UniqueIdentifier>{3a8ba453-9c6c-43c3-9bd0-7ee6af327e21}</UniqueIdentifier>
    </Filter>
    <Filter Include="02.GameObject\02.For.Stage\01.Player">
      <UniqueIdentifier>{ef9ed4d7-7af1-43cf-aae1-5c7e7d697d6d}</UniqueIdentifier>
    </Filter>
    <Filter Include="02.GameObject\02.For.Stage\02.DP_Sowrd">
      <UniqueIdentifier>{23f5fd35-54a5-4348-834d-3f3c62d0f4dc}</UniqueIdentifier>
    </Filter>
    <Filter Include="02.GameObject\00.For.Static\01.Static_Object">
      <UniqueIdentifier>{695cdc37-7343-4240-9f45-118625ac1bfb}</UniqueIdentifier>
    </Filter>
    <Filter Include="02.GameObject\03.For.Public\Camera\Cinematic">
      <UniqueIdentifier>{89b6ec5e-599f-4fa7-a5a9-aae7ad4f1b37}</UniqueIdentifier>
    </Filter>
    <Filter Include="02.GameObject\00.For.Static\02.Event_Cube">
      <UniqueIdentifier>{de30eaa8-aaea-4d67-97d3-474189e70e82}</UniqueIdentifier>
    </Filter>
    <Filter Include="01.Scene\99.Loading">
      <UniqueIdentifier>{e6adbf55-65f3-4412-81fe-d3cc9fd29457}</UniqueIdentifier>
    </Filter>
    <Filter Include="01.Scene\00.Scene_Intro">
      <UniqueIdentifier>{6a6ee42b-37bb-4161-b71f-fbe41fafd9e5}</UniqueIdentifier>
    </Filter>
    <Filter Include="01.Scene\01.Scene_Logo">
      <UniqueIdentifier>{a2d9847b-8bf7-463e-9373-e9246864ea2d}</UniqueIdentifier>
    </Filter>
    <Filter Include="01.Scene\02.Scene_Stage">
      <UniqueIdentifier>{8980710a-8fb1-4e81-957b-e72d910f2557}</UniqueIdentifier>
    </Filter>
  </ItemGroup>
  <ItemGroup>
    <Text Include="ReadMe.txt" />
  </ItemGroup>
  <ItemGroup>
    <ClInclude Include="Client.h">
      <Filter>98.Default</Filter>
    </ClInclude>
    <ClInclude Include="Resource.h">
      <Filter>98.Default</Filter>
    </ClInclude>
    <ClInclude Include="stdafx.h">
      <Filter>98.Default</Filter>
    </ClInclude>
    <ClInclude Include="targetver.h">
      <Filter>98.Default</Filter>
    </ClInclude>
    <ClInclude Include="..\Headers\Defines.h">
      <Filter>99.Headers</Filter>
    </ClInclude>
    <ClInclude Include="..\Headers\Constant.h">
      <Filter>99.Headers</Filter>
    </ClInclude>
    <ClInclude Include="..\Headers\MainApp.h">
      <Filter>00.MainApp</Filter>
    </ClInclude>
    <ClInclude Include="..\Headers\Scene_Logo.h">
      <Filter>01.Scene\01.Scene_Logo</Filter>
    </ClInclude>
    <ClInclude Include="..\Headers\Back_Logo.h">
      <Filter>02.GameObject\01.For.Logo\00.BackGround</Filter>
    </ClInclude>
    <ClInclude Include="..\Headers\Scene_Stage.h">
      <Filter>01.Scene\02.Scene_Stage</Filter>
    </ClInclude>
    <ClInclude Include="..\Headers\Terrain.h">
      <Filter>02.GameObject\02.For.Stage\00.Terrain</Filter>
    </ClInclude>
    <ClInclude Include="..\Headers\Camera_Debug.h">
      <Filter>02.GameObject\03.For.Public\Camera\Debug</Filter>
    </ClInclude>
    <ClInclude Include="..\Headers\Test.h">
      <Filter>02.GameObject\00.For.Static\00.Test</Filter>
    </ClInclude>
    <ClInclude Include="..\Headers\Player.h">
      <Filter>02.GameObject\02.For.Stage\01.Player</Filter>
    </ClInclude>
    <ClInclude Include="..\Headers\DP_Sword.h">
      <Filter>02.GameObject\02.For.Stage\02.DP_Sowrd</Filter>
    </ClInclude>
    <ClInclude Include="..\Headers\Static_Object.h">
      <Filter>02.GameObject\00.For.Static\01.Static_Object</Filter>
    </ClInclude>
    <ClInclude Include="..\Headers\Camera_Target.h">
      <Filter>02.GameObject\03.For.Public\Camera\Target</Filter>
    </ClInclude>
    <ClInclude Include="..\Headers\Camera_Cinematic.h">
      <Filter>02.GameObject\03.For.Public\Camera\Cinematic</Filter>
    </ClInclude>
    <ClInclude Include="..\Headers\Event_Cube.h">
      <Filter>02.GameObject\00.For.Static\02.Event_Cube</Filter>
    </ClInclude>
    <ClInclude Include="..\Headers\Loading.h">
      <Filter>01.Scene\99.Loading</Filter>
    </ClInclude>
    <ClInclude Include="..\Headers\Scene_Intro.h">
      <Filter>01.Scene\00.Scene_Intro</Filter>
    </ClInclude>
  </ItemGroup>
  <ItemGroup>
    <ClCompile Include="Client.cpp">
      <Filter>98.Default</Filter>
    </ClCompile>
    <ClCompile Include="stdafx.cpp">
      <Filter>98.Default</Filter>
    </ClCompile>
    <ClCompile Include="..\Codes\MainApp.cpp">
      <Filter>00.MainApp</Filter>
    </ClCompile>
    <ClCompile Include="..\Codes\Scene_Logo.cpp">
      <Filter>01.Scene\01.Scene_Logo</Filter>
    </ClCompile>
    <ClCompile Include="..\Codes\Back_Logo.cpp">
      <Filter>02.GameObject\01.For.Logo\00.BackGround</Filter>
    </ClCompile>
    <ClCompile Include="..\Codes\Scene_Stage.cpp">
      <Filter>01.Scene\02.Scene_Stage</Filter>
    </ClCompile>
    <ClCompile Include="..\Codes\Terrain.cpp">
      <Filter>02.GameObject\02.For.Stage\00.Terrain</Filter>
    </ClCompile>
    <ClCompile Include="..\Codes\Camera_Debug.cpp">
      <Filter>02.GameObject\03.For.Public\Camera\Debug</Filter>
    </ClCompile>
    <ClCompile Include="..\Codes\Test.cpp">
      <Filter>02.GameObject\00.For.Static\00.Test</Filter>
    </ClCompile>
    <ClCompile Include="..\Codes\Player.cpp">
      <Filter>02.GameObject\02.For.Stage\01.Player</Filter>
    </ClCompile>
    <ClCompile Include="..\Codes\DP_Sword.cpp">
      <Filter>02.GameObject\02.For.Stage\02.DP_Sowrd</Filter>
    </ClCompile>
    <ClCompile Include="..\Codes\Static_Object.cpp">
      <Filter>02.GameObject\00.For.Static\01.Static_Object</Filter>
    </ClCompile>
    <ClCompile Include="..\Codes\Camera_Target.cpp">
      <Filter>02.GameObject\03.For.Public\Camera\Target</Filter>
    </ClCompile>
    <ClCompile Include="..\Codes\Camera_Cinematic.cpp">
      <Filter>02.GameObject\03.For.Public\Camera\Cinematic</Filter>
    </ClCompile>
    <ClCompile Include="..\Codes\Event_Cube.cpp">
      <Filter>02.GameObject\00.For.Static\02.Event_Cube</Filter>
    </ClCompile>
    <ClCompile Include="..\Codes\Loading.cpp">
      <Filter>01.Scene\99.Loading</Filter>
    </ClCompile>
    <ClCompile Include="..\Codes\Scene_Intro.cpp">
      <Filter>01.Scene\00.Scene_Intro</Filter>
    </ClCompile>
  </ItemGroup>
  <ItemGroup>
    <Image Include="Client.ico">
      <Filter>98.Default</Filter>
    </Image>
    <Image Include="small.ico">
      <Filter>98.Default</Filter>
    </Image>
  </ItemGroup>
  <ItemGroup>
    <ResourceCompile Include="Client.rc">
      <Filter>98.Default</Filter>
    </ResourceCompile>
  </ItemGroup>
  <ItemGroup>
    <FxCompile Include="..\Bin\ShaderFiles\Shader_Logo.fx">
      <Filter>97.ShaderFiles</Filter>
    </FxCompile>
    <FxCompile Include="..\Bin\ShaderFiles\Shader_Terrain.fx">
      <Filter>97.ShaderFiles</Filter>
    </FxCompile>
    <FxCompile Include="..\Bin\ShaderFiles\Shader_Mesh.fx">
      <Filter>97.ShaderFiles</Filter>
    </FxCompile>
    <FxCompile Include="..\Bin\ShaderFiles\Shader_Collider.fx">
      <Filter>97.ShaderFiles</Filter>
    </FxCompile>
  </ItemGroup>
</Project>