<?xml version="1.0" encoding="utf-8"?>
<Project ToolsVersion="4.0" xmlns="http://schemas.microsoft.com/developer/msbuild/2003">
  <ItemGroup>
    <Filter Include="99.Headers">
      <UniqueIdentifier>{1c4f1fab-fed0-45a7-a54f-313a911792b1}</UniqueIdentifier>
    </Filter>
    <Filter Include="00.System">
      <UniqueIdentifier>{c2b0ff62-9908-45f5-8125-fe2986f4c919}</UniqueIdentifier>
    </Filter>
    <Filter Include="01.Utility">
      <UniqueIdentifier>{5c3899fc-27bf-43c1-8fab-24f2070268ea}</UniqueIdentifier>
    </Filter>
    <Filter Include="01.Utility\99.SuperClass">
      <UniqueIdentifier>{1e6e6840-35fe-4a59-9d7e-959666cdcf0d}</UniqueIdentifier>
    </Filter>
    <Filter Include="01.Utility\99.SuperClass\00.Base">
      <UniqueIdentifier>{adf7d17e-70f1-4229-b317-c4a35f9dd0a6}</UniqueIdentifier>
    </Filter>
    <Filter Include="01.Utility\00.For.Timer">
      <UniqueIdentifier>{b8adf6c9-e54e-4f45-b103-faea135016c4}</UniqueIdentifier>
    </Filter>
    <Filter Include="01.Utility\01.For.Frame">
      <UniqueIdentifier>{4d915d47-4ecd-4c41-880b-1f36e6b5b727}</UniqueIdentifier>
    </Filter>
    <Filter Include="01.Utility\00.For.Timer\Manager">
      <UniqueIdentifier>{ff1dfb0d-fdc3-4c69-8692-a5c9026ddceb}</UniqueIdentifier>
    </Filter>
    <Filter Include="01.Utility\00.For.Timer\Timer">
      <UniqueIdentifier>{87567e09-c39f-4b03-ab6d-b8b5575ff2cb}</UniqueIdentifier>
    </Filter>
    <Filter Include="01.Utility\01.For.Frame\Manager">
      <UniqueIdentifier>{be4b829d-edd0-4d34-a29e-8aa5c6308d52}</UniqueIdentifier>
    </Filter>
    <Filter Include="01.Utility\01.For.Frame\Frame">
      <UniqueIdentifier>{afad53b0-2019-4f50-9162-ef405e8897f7}</UniqueIdentifier>
    </Filter>
    <Filter Include="00.System\00.For.Device">
      <UniqueIdentifier>{6f766451-ee0e-4e5a-872b-3574ab2ad7cd}</UniqueIdentifier>
    </Filter>
    <Filter Include="00.System\00.For.Device\For.Graphic">
      <UniqueIdentifier>{12e20f6b-2d30-4222-954a-7e133623fc73}</UniqueIdentifier>
    </Filter>
    <Filter Include="00.System\00.For.Device\For.Input">
      <UniqueIdentifier>{04a3c02b-4dc6-4a9b-8ecf-81237b24d98c}</UniqueIdentifier>
    </Filter>
    <Filter Include="01.Utility\02.Management">
      <UniqueIdentifier>{7823b3fe-01bb-433e-9bc4-63e41a1f9b3b}</UniqueIdentifier>
    </Filter>
    <Filter Include="01.Utility\03.For.Component">
      <UniqueIdentifier>{10986bde-bd27-4e8b-98b0-fe5f8fcd52b6}</UniqueIdentifier>
    </Filter>
    <Filter Include="01.Utility\03.For.Component\Manager">
      <UniqueIdentifier>{411a4639-7a83-49ff-a15e-6ebc78b412db}</UniqueIdentifier>
    </Filter>
    <Filter Include="01.Utility\03.For.Component\Component">
      <UniqueIdentifier>{733fd5c1-b954-4133-9867-e931765175ab}</UniqueIdentifier>
    </Filter>
    <Filter Include="01.Utility\03.For.Component\Component\Transform">
      <UniqueIdentifier>{d16768ad-c758-4895-9566-be40ebb85955}</UniqueIdentifier>
    </Filter>
    <Filter Include="01.Utility\03.For.Component\Component\Renderer">
      <UniqueIdentifier>{3a46c29c-3afa-43b6-917c-fbe391b19cc7}</UniqueIdentifier>
    </Filter>
    <Filter Include="01.Utility\03.For.Component\Component\Shader">
      <UniqueIdentifier>{cd9355de-05f8-45f7-b662-d959507fe941}</UniqueIdentifier>
    </Filter>
    <Filter Include="01.Utility\03.For.Component\Component\Collider">
      <UniqueIdentifier>{f20835d1-ebae-4423-9dc9-154ebf02f4ab}</UniqueIdentifier>
    </Filter>
    <Filter Include="01.Utility\03.For.Component\Component\Picking">
      <UniqueIdentifier>{36cd2f00-0364-4ae8-b250-c03c4f871171}</UniqueIdentifier>
    </Filter>
    <Filter Include="01.Utility\03.For.Component\Component\VIBuffer">
      <UniqueIdentifier>{6feede8d-deff-4154-98e8-eea19b4b539f}</UniqueIdentifier>
    </Filter>
    <Filter Include="01.Utility\03.For.Component\Component\VIBuffer\Rect_Texture">
      <UniqueIdentifier>{aa163b8f-5236-4fbf-9a9e-1f6938af0109}</UniqueIdentifier>
    </Filter>
    <Filter Include="01.Utility\03.For.Component\Component\VIBuffer\Terrain">
      <UniqueIdentifier>{1d4c6ed2-f07d-4790-8fcf-d949e83ee00b}</UniqueIdentifier>
    </Filter>
    <Filter Include="01.Utility\04.For.Scene">
      <UniqueIdentifier>{5c50faeb-a540-4d6c-b65d-be847df31802}</UniqueIdentifier>
    </Filter>
    <Filter Include="01.Utility\05.For.GameObject">
      <UniqueIdentifier>{e29e0770-ba9a-418d-a4ef-caa343b5b29c}</UniqueIdentifier>
    </Filter>
    <Filter Include="01.Utility\05.For.GameObject\Manager">
      <UniqueIdentifier>{5c860b6c-6c53-41c6-9141-9eeb0af36cc9}</UniqueIdentifier>
    </Filter>
    <Filter Include="01.Utility\05.For.GameObject\GameObject">
      <UniqueIdentifier>{32ca62ac-2dcb-47b6-acef-bdcdec71c84e}</UniqueIdentifier>
    </Filter>
    <Filter Include="01.Utility\05.For.GameObject\Manager\Layer">
      <UniqueIdentifier>{0536d2a3-abe2-42ea-8fe7-c4b004ee2c90}</UniqueIdentifier>
    </Filter>
    <Filter Include="01.Utility\03.For.Component\Component\Texture">
      <UniqueIdentifier>{18821d5d-4c25-4de0-bf8a-74dc5429d9ac}</UniqueIdentifier>
    </Filter>
    <Filter Include="01.Utility\05.For.GameObject\GameObject\Camera">
      <UniqueIdentifier>{c1b4c522-f0ca-4ebe-96af-543af001d672}</UniqueIdentifier>
    </Filter>
    <Filter Include="01.Utility\06.For.Light">
      <UniqueIdentifier>{4e13e6ff-c8c6-430e-a613-5c2a724a5cc9}</UniqueIdentifier>
    </Filter>
    <Filter Include="01.Utility\06.For.Light\Manager">
      <UniqueIdentifier>{c83a2050-73e8-4602-bf36-4161b9183ad5}</UniqueIdentifier>
    </Filter>
    <Filter Include="01.Utility\06.For.Light\Light">
      <UniqueIdentifier>{b9d28da4-f8d2-4e2a-abe1-8150c2d596b9}</UniqueIdentifier>
    </Filter>
    <Filter Include="01.Utility\03.For.Component\Component\VIBuffer\Rect_Color">
      <UniqueIdentifier>{2e62f47f-1a93-41a4-8d1e-4fa200a9b7c9}</UniqueIdentifier>
    </Filter>
    <Filter Include="01.Utility\03.For.Component\Component\Mesh">
      <UniqueIdentifier>{60e7ea57-ad3a-4ece-a379-a7ea47a880eb}</UniqueIdentifier>
    </Filter>
    <Filter Include="01.Utility\03.For.Component\Component\Mesh\Mesh_Static">
      <UniqueIdentifier>{35e2dbcf-2176-457b-85c8-129ddee812f7}</UniqueIdentifier>
    </Filter>
    <Filter Include="01.Utility\03.For.Component\Component\Mesh\Mesh_Dynamic">
      <UniqueIdentifier>{ed2c0c15-46b0-449b-8676-37f915b9757f}</UniqueIdentifier>
    </Filter>
    <Filter Include="01.Utility\03.For.Component\Component\Mesh\Mesh_Dynamic\HierarchyLoader">
      <UniqueIdentifier>{52415232-84d6-4f4e-9bad-80a2a067be09}</UniqueIdentifier>
    </Filter>
    <Filter Include="01.Utility\03.For.Component\Component\Mesh\Mesh_Dynamic\AnimationCtrl">
      <UniqueIdentifier>{e75185ae-8d7b-4cf2-b121-e28638b4abce}</UniqueIdentifier>
    </Filter>
    <Filter Include="01.Utility\03.For.Component\Component\VIBuffer\Collider">
      <UniqueIdentifier>{30e81e9f-e348-41db-baa9-b2705b18ae70}</UniqueIdentifier>
    </Filter>
    <Filter Include="01.Utility\03.For.Component\Component\Shader\ShaderFiles">
      <UniqueIdentifier>{a67b0193-8147-4f4d-bc94-4868d44b8642}</UniqueIdentifier>
    </Filter>
    <Filter Include="01.Utility\03.For.Component\Component\Navigation">
      <UniqueIdentifier>{6ef9f2af-ebb0-42af-aa6f-1764da6f7b6a}</UniqueIdentifier>
    </Filter>
    <Filter Include="01.Utility\03.For.Component\Component\Navigation\Cell">
      <UniqueIdentifier>{5a9cc7f4-0263-4203-b9a0-dd9a18ced106}</UniqueIdentifier>
    </Filter>
    <Filter Include="01.Utility\03.For.Component\Component\Frustum">
      <UniqueIdentifier>{6cb0feb2-c489-4d15-8358-2316feb1f098}</UniqueIdentifier>
    </Filter>
    <Filter Include="01.Utility\03.For.Component\Component\VIBuffer\Terrain\QuadTree">
      <UniqueIdentifier>{cd05abd8-1855-4b0e-b4f7-5f7dd0ab121e}</UniqueIdentifier>
    </Filter>
    <Filter Include="01.Utility\07.Target">
      <UniqueIdentifier>{b2c92f64-342d-499f-b099-58a7d0827e1d}</UniqueIdentifier>
    </Filter>
    <Filter Include="01.Utility\07.Target\Manager">
      <UniqueIdentifier>{bf5cbe62-6961-4bd3-84bf-118d4ab9f678}</UniqueIdentifier>
    </Filter>
    <Filter Include="01.Utility\07.Target\Target">
      <UniqueIdentifier>{0abe8f6f-3d52-49ab-8965-ff36b720c4d0}</UniqueIdentifier>
    </Filter>
  </ItemGroup>
  <ItemGroup>
    <ClInclude Include="..\Headers\Base.h">
      <Filter>01.Utility\99.SuperClass\00.Base</Filter>
    </ClInclude>
    <ClInclude Include="..\Headers\Engine_Defines.h">
      <Filter>99.Headers</Filter>
    </ClInclude>
    <ClInclude Include="..\Headers\Engine_Macro.h">
      <Filter>99.Headers</Filter>
    </ClInclude>
    <ClInclude Include="..\Headers\Engine_Typedef.h">
      <Filter>99.Headers</Filter>
    </ClInclude>
    <ClInclude Include="..\Headers\Engine_Functor.h">
      <Filter>99.Headers</Filter>
    </ClInclude>
    <ClInclude Include="..\Headers\Engine_Funtion.h">
      <Filter>99.Headers</Filter>
    </ClInclude>
    <ClInclude Include="..\Headers\Engine_Struct.h">
      <Filter>99.Headers</Filter>
    </ClInclude>
    <ClInclude Include="..\Headers\Timer.h">
      <Filter>01.Utility\00.For.Timer\Timer</Filter>
    </ClInclude>
    <ClInclude Include="..\Headers\Timer_Manager.h">
      <Filter>01.Utility\00.For.Timer\Manager</Filter>
    </ClInclude>
    <ClInclude Include="..\Headers\Frame.h">
      <Filter>01.Utility\01.For.Frame\Frame</Filter>
    </ClInclude>
    <ClInclude Include="..\Headers\Frame_Manager.h">
      <Filter>01.Utility\01.For.Frame\Manager</Filter>
    </ClInclude>
    <ClInclude Include="..\Headers\Graphic_Device.h">
      <Filter>00.System\00.For.Device\For.Graphic</Filter>
    </ClInclude>
    <ClInclude Include="..\Headers\Input_Device.h">
      <Filter>00.System\00.For.Device\For.Input</Filter>
    </ClInclude>
    <ClInclude Include="..\Headers\Management.h">
      <Filter>01.Utility\02.Management</Filter>
    </ClInclude>
    <ClInclude Include="..\Headers\VIBuffer.h">
      <Filter>01.Utility\03.For.Component\Component\VIBuffer</Filter>
    </ClInclude>
    <ClInclude Include="..\Headers\Buffer_RcTex.h">
      <Filter>01.Utility\03.For.Component\Component\VIBuffer\Rect_Texture</Filter>
    </ClInclude>
    <ClInclude Include="..\Headers\Component_Manager.h">
      <Filter>01.Utility\03.For.Component\Manager</Filter>
    </ClInclude>
    <ClInclude Include="..\Headers\Scene.h">
      <Filter>01.Utility\04.For.Scene</Filter>
    </ClInclude>
    <ClInclude Include="..\Headers\GameObject.h">
      <Filter>01.Utility\05.For.GameObject\GameObject</Filter>
    </ClInclude>
    <ClInclude Include="..\Headers\Object_Manager.h">
      <Filter>01.Utility\05.For.GameObject\Manager</Filter>
    </ClInclude>
    <ClInclude Include="..\Headers\Layer.h">
      <Filter>01.Utility\05.For.GameObject\Manager\Layer</Filter>
    </ClInclude>
    <ClInclude Include="..\Headers\Renderer.h">
      <Filter>01.Utility\03.For.Component\Component\Renderer</Filter>
    </ClInclude>
    <ClInclude Include="..\Headers\Transform.h">
      <Filter>01.Utility\03.For.Component\Component\Transform</Filter>
    </ClInclude>
    <ClInclude Include="..\Headers\Shader.h">
      <Filter>01.Utility\03.For.Component\Component\Shader</Filter>
    </ClInclude>
    <ClInclude Include="..\Headers\Texture.h">
      <Filter>01.Utility\03.For.Component\Component\Texture</Filter>
    </ClInclude>
    <ClInclude Include="..\Headers\Buffer_Terrain.h">
      <Filter>01.Utility\03.For.Component\Component\VIBuffer\Terrain</Filter>
    </ClInclude>
    <ClInclude Include="resource.h" />
    <ClInclude Include="..\Headers\Camera.h">
      <Filter>01.Utility\05.For.GameObject\GameObject\Camera</Filter>
    </ClInclude>
    <ClInclude Include="..\Headers\Light.h">
      <Filter>01.Utility\06.For.Light\Light</Filter>
    </ClInclude>
    <ClInclude Include="..\Headers\Light_Manager.h">
      <Filter>01.Utility\06.For.Light\Manager</Filter>
    </ClInclude>
    <ClInclude Include="..\Headers\Picking.h">
      <Filter>01.Utility\03.For.Component\Component\Picking</Filter>
    </ClInclude>
    <ClInclude Include="..\Headers\Buffer_RcCol.h">
      <Filter>01.Utility\03.For.Component\Component\VIBuffer\Rect_Color</Filter>
    </ClInclude>
    <ClInclude Include="..\Headers\Mesh_Static.h">
      <Filter>01.Utility\03.For.Component\Component\Mesh\Mesh_Static</Filter>
    </ClInclude>
    <ClInclude Include="..\Headers\Mesh_Dynamic.h">
      <Filter>01.Utility\03.For.Component\Component\Mesh\Mesh_Dynamic</Filter>
    </ClInclude>
    <ClInclude Include="..\Headers\HierarchyLoader.h">
      <Filter>01.Utility\03.For.Component\Component\Mesh\Mesh_Dynamic\HierarchyLoader</Filter>
    </ClInclude>
    <ClInclude Include="..\Headers\AnimationCtrl.h">
      <Filter>01.Utility\03.For.Component\Component\Mesh\Mesh_Dynamic\AnimationCtrl</Filter>
    </ClInclude>
    <ClInclude Include="..\Headers\Component.h">
      <Filter>01.Utility\03.For.Component\Component</Filter>
    </ClInclude>
    <ClInclude Include="..\Headers\Buffer_Collider.h">
      <Filter>01.Utility\03.For.Component\Component\VIBuffer\Collider</Filter>
    </ClInclude>
    <ClInclude Include="..\Headers\Collider.h">
      <Filter>01.Utility\03.For.Component\Component\Collider</Filter>
    </ClInclude>
    <ClInclude Include="..\Headers\Navigation.h">
      <Filter>01.Utility\03.For.Component\Component\Navigation</Filter>
    </ClInclude>
    <ClInclude Include="..\Headers\Cell.h">
      <Filter>01.Utility\03.For.Component\Component\Navigation\Cell</Filter>
    </ClInclude>
    <ClInclude Include="..\Headers\Frustum.h">
      <Filter>01.Utility\03.For.Component\Component\Frustum</Filter>
    </ClInclude>
    <ClInclude Include="..\Headers\QuadTree.h">
      <Filter>01.Utility\03.For.Component\Component\VIBuffer\Terrain\QuadTree</Filter>
    </ClInclude>
    <ClInclude Include="..\Headers\Target.h">
      <Filter>01.Utility\07.Target\Target</Filter>
    </ClInclude>
    <ClInclude Include="..\Headers\Target_Manager.h">
      <Filter>01.Utility\07.Target\Manager</Filter>
    </ClInclude>
  </ItemGroup>
  <ItemGroup>
    <ClCompile Include="..\Codes\Base.cpp">
      <Filter>01.Utility\99.SuperClass\00.Base</Filter>
    </ClCompile>
    <ClCompile Include="..\Codes\Timer.cpp">
      <Filter>01.Utility\00.For.Timer\Timer</Filter>
    </ClCompile>
    <ClCompile Include="..\Codes\Timer_Manager.cpp">
      <Filter>01.Utility\00.For.Timer\Manager</Filter>
    </ClCompile>
    <ClCompile Include="..\Codes\Frame.cpp">
      <Filter>01.Utility\01.For.Frame\Frame</Filter>
    </ClCompile>
    <ClCompile Include="..\Codes\Frame_Manager.cpp">
      <Filter>01.Utility\01.For.Frame\Manager</Filter>
    </ClCompile>
    <ClCompile Include="..\Codes\Graphic_Device.cpp">
      <Filter>00.System\00.For.Device\For.Graphic</Filter>
    </ClCompile>
    <ClCompile Include="..\Codes\Input_Device.cpp">
      <Filter>00.System\00.For.Device\For.Input</Filter>
    </ClCompile>
    <ClCompile Include="..\Codes\Management.cpp">
      <Filter>01.Utility\02.Management</Filter>
    </ClCompile>
    <ClCompile Include="..\Codes\VIBuffer.cpp">
      <Filter>01.Utility\03.For.Component\Component\VIBuffer</Filter>
    </ClCompile>
    <ClCompile Include="..\Codes\Buffer_RcTex.cpp">
      <Filter>01.Utility\03.For.Component\Component\VIBuffer\Rect_Texture</Filter>
    </ClCompile>
    <ClCompile Include="..\Codes\Component_Manager.cpp">
      <Filter>01.Utility\03.For.Component\Manager</Filter>
    </ClCompile>
    <ClCompile Include="..\Codes\Scene.cpp">
      <Filter>01.Utility\04.For.Scene</Filter>
    </ClCompile>
    <ClCompile Include="..\Codes\GameObject.cpp">
      <Filter>01.Utility\05.For.GameObject\GameObject</Filter>
    </ClCompile>
    <ClCompile Include="..\Codes\Object_Manager.cpp">
      <Filter>01.Utility\05.For.GameObject\Manager</Filter>
    </ClCompile>
    <ClCompile Include="..\Codes\Layer.cpp">
      <Filter>01.Utility\05.For.GameObject\Manager\Layer</Filter>
    </ClCompile>
    <ClCompile Include="..\Codes\Renderer.cpp">
      <Filter>01.Utility\03.For.Component\Component\Renderer</Filter>
    </ClCompile>
    <ClCompile Include="..\Codes\Transform.cpp">
      <Filter>01.Utility\03.For.Component\Component\Transform</Filter>
    </ClCompile>
    <ClCompile Include="..\Codes\Shader.cpp">
      <Filter>01.Utility\03.For.Component\Component\Shader</Filter>
    </ClCompile>
    <ClCompile Include="..\Codes\Texture.cpp">
      <Filter>01.Utility\03.For.Component\Component\Texture</Filter>
    </ClCompile>
    <ClCompile Include="..\Codes\Buffer_Terrain.cpp">
      <Filter>01.Utility\03.For.Component\Component\VIBuffer\Terrain</Filter>
    </ClCompile>
    <ClCompile Include="..\Codes\Camera.cpp">
      <Filter>01.Utility\05.For.GameObject\GameObject\Camera</Filter>
    </ClCompile>
    <ClCompile Include="..\Codes\Light.cpp">
      <Filter>01.Utility\06.For.Light\Light</Filter>
    </ClCompile>
    <ClCompile Include="..\Codes\Light_Manager.cpp">
      <Filter>01.Utility\06.For.Light\Manager</Filter>
    </ClCompile>
    <ClCompile Include="..\Codes\Picking.cpp">
      <Filter>01.Utility\03.For.Component\Component\Picking</Filter>
    </ClCompile>
    <ClCompile Include="..\Codes\Buffer_RcCol.cpp">
      <Filter>01.Utility\03.For.Component\Component\VIBuffer\Rect_Color</Filter>
    </ClCompile>
    <ClCompile Include="..\Codes\Mesh_Static.cpp">
      <Filter>01.Utility\03.For.Component\Component\Mesh\Mesh_Static</Filter>
    </ClCompile>
    <ClCompile Include="..\Codes\Mesh_Dynamic.cpp">
      <Filter>01.Utility\03.For.Component\Component\Mesh\Mesh_Dynamic</Filter>
    </ClCompile>
    <ClCompile Include="..\Codes\HierarchyLoader.cpp">
      <Filter>01.Utility\03.For.Component\Component\Mesh\Mesh_Dynamic\HierarchyLoader</Filter>
    </ClCompile>
    <ClCompile Include="..\Codes\AnimationCtrl.cpp">
      <Filter>01.Utility\03.For.Component\Component\Mesh\Mesh_Dynamic\AnimationCtrl</Filter>
    </ClCompile>
    <ClCompile Include="..\Codes\Component.cpp">
      <Filter>01.Utility\03.For.Component\Component</Filter>
    </ClCompile>
    <ClCompile Include="..\Codes\Buffer_Collider.cpp">
      <Filter>01.Utility\03.For.Component\Component\VIBuffer\Collider</Filter>
    </ClCompile>
    <ClCompile Include="..\Codes\Collider.cpp">
      <Filter>01.Utility\03.For.Component\Component\Collider</Filter>
    </ClCompile>
    <ClCompile Include="..\Codes\Navigation.cpp">
      <Filter>01.Utility\03.For.Component\Component\Navigation</Filter>
    </ClCompile>
    <ClCompile Include="..\Codes\Cell.cpp">
      <Filter>01.Utility\03.For.Component\Component\Navigation\Cell</Filter>
    </ClCompile>
    <ClCompile Include="..\Codes\Frustum.cpp">
      <Filter>01.Utility\03.For.Component\Component\Frustum</Filter>
    </ClCompile>
    <ClCompile Include="..\Codes\QuadTree.cpp">
      <Filter>01.Utility\03.For.Component\Component\VIBuffer\Terrain\QuadTree</Filter>
    </ClCompile>
    <ClCompile Include="..\Codes\Target.cpp">
      <Filter>01.Utility\07.Target\Target</Filter>
    </ClCompile>
    <ClCompile Include="..\Codes\Target_Manager.cpp">
      <Filter>01.Utility\07.Target\Manager</Filter>
    </ClCompile>
  </ItemGroup>
  <ItemGroup>
    <ResourceCompile Include="Engine.rc" />
  </ItemGroup>
  <ItemGroup>
    <FxCompile Include="..\Bin\ShaderFiles\Shader_Collider.fx">
      <Filter>01.Utility\03.For.Component\Component\Shader\ShaderFiles</Filter>
    </FxCompile>
    <FxCompile Include="..\Bin\ShaderFiles\Shader_LightAcc.fx">
      <Filter>01.Utility\03.For.Component\Component\Shader\ShaderFiles</Filter>
    </FxCompile>
  </ItemGroup>
</Project>